
Microsoft Visual Studio Solution File, Format Version 12.00
# Visual Studio 2013
VisualStudioVersion = 12.0.30723.0
MinimumVisualStudioVersion = 10.0.40219.1
Project("{FAE04EC0-301F-11D3-BF4B-00C04F79EFBC}") = "ColorBalls", "ColorBalls\ColorBalls.csproj", "{62B3AF40-5F94-45C8-AFFD-92AB54B6BEB8}"
EndProject
Project("{FAE04EC0-301F-11D3-BF4B-00C04F79EFBC}") = "ColorBalllsPermutations", "ColorBalllsCombinations\ColorBalllsPermutations.csproj", "{352BE874-9DFB-4210-A2E6-08DBBBB7CD14}"
EndProject
Project("{FAE04EC0-301F-11D3-BF4B-00C04F79EFBC}") = "ColorBallShort", "ColorBallShort\ColorBallShort.csproj", "{116489BD-B711-496A-9671-6AA75FB2E0CF}"
EndProject
Global
	GlobalSection(SolutionConfigurationPlatforms) = preSolution
		Debug|Any CPU = Debug|Any CPU
		Release|Any CPU = Release|Any CPU
	EndGlobalSection
	GlobalSection(ProjectConfigurationPlatforms) = postSolution
		{62B3AF40-5F94-45C8-AFFD-92AB54B6BEB8}.Debug|Any CPU.ActiveCfg = Debug|Any CPU
		{62B3AF40-5F94-45C8-AFFD-92AB54B6BEB8}.Debug|Any CPU.Build.0 = Debug|Any CPU
		{62B3AF40-5F94-45C8-AFFD-92AB54B6BEB8}.Release|Any CPU.ActiveCfg = Release|Any CPU
		{62B3AF40-5F94-45C8-AFFD-92AB54B6BEB8}.Release|Any CPU.Build.0 = Release|Any CPU
		{352BE874-9DFB-4210-A2E6-08DBBBB7CD14}.Debug|Any CPU.ActiveCfg = Debug|Any CPU
		{352BE874-9DFB-4210-A2E6-08DBBBB7CD14}.Debug|Any CPU.Build.0 = Debug|Any CPU
		{352BE874-9DFB-4210-A2E6-08DBBBB7CD14}.Release|Any CPU.ActiveCfg = Release|Any CPU
		{352BE874-9DFB-4210-A2E6-08DBBBB7CD14}.Release|Any CPU.Build.0 = Release|Any CPU
		{116489BD-B711-496A-9671-6AA75FB2E0CF}.Debug|Any CPU.ActiveCfg = Debug|Any CPU
		{116489BD-B711-496A-9671-6AA75FB2E0CF}.Debug|Any CPU.Build.0 = Debug|Any CPU
		{116489BD-B711-496A-9671-6AA75FB2E0CF}.Release|Any CPU.ActiveCfg = Release|Any CPU
		{116489BD-B711-496A-9671-6AA75FB2E0CF}.Release|Any CPU.Build.0 = Release|Any CPU
	EndGlobalSection
	GlobalSection(SolutionProperties) = preSolution
		HideSolutionNode = FALSE
	EndGlobalSection
EndGlobal
