
Microsoft Visual Studio Solution File, Format Version 12.00
# Visual Studio 2013
VisualStudioVersion = 12.0.30723.0
MinimumVisualStudioVersion = 10.0.40219.1
Project("{FAE04EC0-301F-11D3-BF4B-00C04F79EFBC}") = "01.SimulateNestedLoops", "01.SimulateNestedLoops\01.SimulateNestedLoops.csproj", "{39675372-2DB5-4DE5-8412-DE5250FD6C25}"
EndProject
Project("{FAE04EC0-301F-11D3-BF4B-00C04F79EFBC}") = "02.CombinationsWithDuplicates", "02.CombinationsWithDuplicates\02.CombinationsWithDuplicates.csproj", "{0637AE7B-0E1A-4EDF-992C-D48B5B44B938}"
EndProject
Project("{FAE04EC0-301F-11D3-BF4B-00C04F79EFBC}") = "03.CombinationsWithOutDuplicates", "03.CombinationsWithOutDuplicates\03.CombinationsWithOutDuplicates.csproj", "{35D92EAA-78F4-4019-9313-BAAF564487C7}"
EndProject
Project("{FAE04EC0-301F-11D3-BF4B-00C04F79EFBC}") = "04.Permutations", "04.Permutations\04.Permutations.csproj", "{D121D518-D2CF-4F99-B710-DA56C3FE69ED}"
EndProject
Project("{FAE04EC0-301F-11D3-BF4B-00C04F79EFBC}") = "05.Variations", "05.Variations\05.Variations.csproj", "{8F23716A-E479-4D11-94F4-90664073F3A0}"
EndProject
Project("{FAE04EC0-301F-11D3-BF4B-00C04F79EFBC}") = "06.StringCombinations", "06.StringCombinations\06.StringCombinations.csproj", "{C18C9C84-66BC-4AEB-A8CE-A3B6D6271104}"
EndProject
Project("{FAE04EC0-301F-11D3-BF4B-00C04F79EFBC}") = "07.AllPathsInLabyrinth", "07.AllPathsInLabyrinth\07.AllPathsInLabyrinth.csproj", "{655ED630-AD48-4364-9FFC-84D5B90B2A96}"
EndProject
Project("{FAE04EC0-301F-11D3-BF4B-00C04F79EFBC}") = "08.FindPathInLabyrinth", "08.FindPathInLabyrinth\08.FindPathInLabyrinth.csproj", "{D216BC57-1752-46AF-8FCE-9012E774389D}"
EndProject
Project("{FAE04EC0-301F-11D3-BF4B-00C04F79EFBC}") = "09.LargestConnectedArea", "09.LargestConnectedArea\09.LargestConnectedArea.csproj", "{0B0F932E-6130-4783-AC56-6941542DD8E6}"
EndProject
Project("{FAE04EC0-301F-11D3-BF4B-00C04F79EFBC}") = "10.AllAreasOfPassableCells", "10.AllAreasOfPassableCells\10.AllAreasOfPassableCells.csproj", "{9F6238F2-B0B9-4CB9-B7AB-C8B50EB6EACF}"
EndProject
Project("{FAE04EC0-301F-11D3-BF4B-00C04F79EFBC}") = "11.MultiSetPermutations", "11.MultiSetPermutations\11.MultiSetPermutations.csproj", "{A3326FEC-C3E5-437A-86F6-328E434E5184}"
EndProject
Project("{FAE04EC0-301F-11D3-BF4B-00C04F79EFBC}") = "12.EightQueensPuzzleShort", "12.EightQueensPuzzleShort\12.EightQueensPuzzleShort.csproj", "{67233207-2A7D-4F6B-94C8-7B9AC6F58089}"
EndProject
Global
	GlobalSection(SolutionConfigurationPlatforms) = preSolution
		Debug|Any CPU = Debug|Any CPU
		Release|Any CPU = Release|Any CPU
	EndGlobalSection
	GlobalSection(ProjectConfigurationPlatforms) = postSolution
		{39675372-2DB5-4DE5-8412-DE5250FD6C25}.Debug|Any CPU.ActiveCfg = Debug|Any CPU
		{39675372-2DB5-4DE5-8412-DE5250FD6C25}.Debug|Any CPU.Build.0 = Debug|Any CPU
		{39675372-2DB5-4DE5-8412-DE5250FD6C25}.Release|Any CPU.ActiveCfg = Release|Any CPU
		{39675372-2DB5-4DE5-8412-DE5250FD6C25}.Release|Any CPU.Build.0 = Release|Any CPU
		{0637AE7B-0E1A-4EDF-992C-D48B5B44B938}.Debug|Any CPU.ActiveCfg = Debug|Any CPU
		{0637AE7B-0E1A-4EDF-992C-D48B5B44B938}.Debug|Any CPU.Build.0 = Debug|Any CPU
		{0637AE7B-0E1A-4EDF-992C-D48B5B44B938}.Release|Any CPU.ActiveCfg = Release|Any CPU
		{0637AE7B-0E1A-4EDF-992C-D48B5B44B938}.Release|Any CPU.Build.0 = Release|Any CPU
		{35D92EAA-78F4-4019-9313-BAAF564487C7}.Debug|Any CPU.ActiveCfg = Debug|Any CPU
		{35D92EAA-78F4-4019-9313-BAAF564487C7}.Debug|Any CPU.Build.0 = Debug|Any CPU
		{35D92EAA-78F4-4019-9313-BAAF564487C7}.Release|Any CPU.ActiveCfg = Release|Any CPU
		{35D92EAA-78F4-4019-9313-BAAF564487C7}.Release|Any CPU.Build.0 = Release|Any CPU
		{D121D518-D2CF-4F99-B710-DA56C3FE69ED}.Debug|Any CPU.ActiveCfg = Debug|Any CPU
		{D121D518-D2CF-4F99-B710-DA56C3FE69ED}.Debug|Any CPU.Build.0 = Debug|Any CPU
		{D121D518-D2CF-4F99-B710-DA56C3FE69ED}.Release|Any CPU.ActiveCfg = Release|Any CPU
		{D121D518-D2CF-4F99-B710-DA56C3FE69ED}.Release|Any CPU.Build.0 = Release|Any CPU
		{8F23716A-E479-4D11-94F4-90664073F3A0}.Debug|Any CPU.ActiveCfg = Debug|Any CPU
		{8F23716A-E479-4D11-94F4-90664073F3A0}.Debug|Any CPU.Build.0 = Debug|Any CPU
		{8F23716A-E479-4D11-94F4-90664073F3A0}.Release|Any CPU.ActiveCfg = Release|Any CPU
		{8F23716A-E479-4D11-94F4-90664073F3A0}.Release|Any CPU.Build.0 = Release|Any CPU
		{C18C9C84-66BC-4AEB-A8CE-A3B6D6271104}.Debug|Any CPU.ActiveCfg = Debug|Any CPU
		{C18C9C84-66BC-4AEB-A8CE-A3B6D6271104}.Debug|Any CPU.Build.0 = Debug|Any CPU
		{C18C9C84-66BC-4AEB-A8CE-A3B6D6271104}.Release|Any CPU.ActiveCfg = Release|Any CPU
		{C18C9C84-66BC-4AEB-A8CE-A3B6D6271104}.Release|Any CPU.Build.0 = Release|Any CPU
		{655ED630-AD48-4364-9FFC-84D5B90B2A96}.Debug|Any CPU.ActiveCfg = Debug|Any CPU
		{655ED630-AD48-4364-9FFC-84D5B90B2A96}.Debug|Any CPU.Build.0 = Debug|Any CPU
		{655ED630-AD48-4364-9FFC-84D5B90B2A96}.Release|Any CPU.ActiveCfg = Release|Any CPU
		{655ED630-AD48-4364-9FFC-84D5B90B2A96}.Release|Any CPU.Build.0 = Release|Any CPU
		{D216BC57-1752-46AF-8FCE-9012E774389D}.Debug|Any CPU.ActiveCfg = Debug|Any CPU
		{D216BC57-1752-46AF-8FCE-9012E774389D}.Debug|Any CPU.Build.0 = Debug|Any CPU
		{D216BC57-1752-46AF-8FCE-9012E774389D}.Release|Any CPU.ActiveCfg = Release|Any CPU
		{D216BC57-1752-46AF-8FCE-9012E774389D}.Release|Any CPU.Build.0 = Release|Any CPU
		{0B0F932E-6130-4783-AC56-6941542DD8E6}.Debug|Any CPU.ActiveCfg = Debug|Any CPU
		{0B0F932E-6130-4783-AC56-6941542DD8E6}.Debug|Any CPU.Build.0 = Debug|Any CPU
		{0B0F932E-6130-4783-AC56-6941542DD8E6}.Release|Any CPU.ActiveCfg = Release|Any CPU
		{0B0F932E-6130-4783-AC56-6941542DD8E6}.Release|Any CPU.Build.0 = Release|Any CPU
		{9F6238F2-B0B9-4CB9-B7AB-C8B50EB6EACF}.Debug|Any CPU.ActiveCfg = Debug|Any CPU
		{9F6238F2-B0B9-4CB9-B7AB-C8B50EB6EACF}.Debug|Any CPU.Build.0 = Debug|Any CPU
		{9F6238F2-B0B9-4CB9-B7AB-C8B50EB6EACF}.Release|Any CPU.ActiveCfg = Release|Any CPU
		{9F6238F2-B0B9-4CB9-B7AB-C8B50EB6EACF}.Release|Any CPU.Build.0 = Release|Any CPU
		{A3326FEC-C3E5-437A-86F6-328E434E5184}.Debug|Any CPU.ActiveCfg = Debug|Any CPU
		{A3326FEC-C3E5-437A-86F6-328E434E5184}.Debug|Any CPU.Build.0 = Debug|Any CPU
		{A3326FEC-C3E5-437A-86F6-328E434E5184}.Release|Any CPU.ActiveCfg = Release|Any CPU
		{A3326FEC-C3E5-437A-86F6-328E434E5184}.Release|Any CPU.Build.0 = Release|Any CPU
		{67233207-2A7D-4F6B-94C8-7B9AC6F58089}.Debug|Any CPU.ActiveCfg = Debug|Any CPU
		{67233207-2A7D-4F6B-94C8-7B9AC6F58089}.Debug|Any CPU.Build.0 = Debug|Any CPU
		{67233207-2A7D-4F6B-94C8-7B9AC6F58089}.Release|Any CPU.ActiveCfg = Release|Any CPU
		{67233207-2A7D-4F6B-94C8-7B9AC6F58089}.Release|Any CPU.Build.0 = Release|Any CPU
	EndGlobalSection
	GlobalSection(SolutionProperties) = preSolution
		HideSolutionNode = FALSE
	EndGlobalSection
EndGlobal
