
Microsoft Visual Studio Solution File, Format Version 12.00
# Visual Studio 2012
Project("{FAE04EC0-301F-11D3-BF4B-00C04F79EFBC}") = "TwoIsBetterThanOnes", "TwoIsBetterThanOnes\TwoIsBetterThanOnes.csproj", "{304174D7-C03F-40C4-BF05-4938AF770DCE}"
EndProject
Global
	GlobalSection(SolutionConfigurationPlatforms) = preSolution
		Debug|Any CPU = Debug|Any CPU
		Release|Any CPU = Release|Any CPU
	EndGlobalSection
	GlobalSection(ProjectConfigurationPlatforms) = postSolution
		{304174D7-C03F-40C4-BF05-4938AF770DCE}.Debug|Any CPU.ActiveCfg = Debug|Any CPU
		{304174D7-C03F-40C4-BF05-4938AF770DCE}.Debug|Any CPU.Build.0 = Debug|Any CPU
		{304174D7-C03F-40C4-BF05-4938AF770DCE}.Release|Any CPU.ActiveCfg = Release|Any CPU
		{304174D7-C03F-40C4-BF05-4938AF770DCE}.Release|Any CPU.Build.0 = Release|Any CPU
	EndGlobalSection
	GlobalSection(SolutionProperties) = preSolution
		HideSolutionNode = FALSE
	EndGlobalSection
EndGlobal
