
Microsoft Visual Studio Solution File, Format Version 12.00
# Visual Studio 2013
VisualStudioVersion = 12.0.30501.0
MinimumVisualStudioVersion = 10.0.40219.1
Project("{FAE04EC0-301F-11D3-BF4B-00C04F79EFBC}") = "Abstraction", "Abstraction\Abstraction.csproj", "{81004ABF-D527-4C88-968F-6C3F8F1D82A6}"
EndProject
Project("{FAE04EC0-301F-11D3-BF4B-00C04F79EFBC}") = "Cohesion", "Cohesion\Cohesion.csproj", "{2E6C3BDF-38C5-4CBF-819E-781B21D27462}"
EndProject
Project("{FAE04EC0-301F-11D3-BF4B-00C04F79EFBC}") = "Inheritance", "Inheritance\Inheritance.csproj", "{707717E0-7B87-40AB-B81A-FF0ACDF14522}"
EndProject
Global
	GlobalSection(SolutionConfigurationPlatforms) = preSolution
		Debug|Any CPU = Debug|Any CPU
		Release|Any CPU = Release|Any CPU
	EndGlobalSection
	GlobalSection(ProjectConfigurationPlatforms) = postSolution
		{81004ABF-D527-4C88-968F-6C3F8F1D82A6}.Debug|Any CPU.ActiveCfg = Debug|Any CPU
		{81004ABF-D527-4C88-968F-6C3F8F1D82A6}.Debug|Any CPU.Build.0 = Debug|Any CPU
		{81004ABF-D527-4C88-968F-6C3F8F1D82A6}.Release|Any CPU.ActiveCfg = Release|Any CPU
		{81004ABF-D527-4C88-968F-6C3F8F1D82A6}.Release|Any CPU.Build.0 = Release|Any CPU
		{2E6C3BDF-38C5-4CBF-819E-781B21D27462}.Debug|Any CPU.ActiveCfg = Debug|Any CPU
		{2E6C3BDF-38C5-4CBF-819E-781B21D27462}.Debug|Any CPU.Build.0 = Debug|Any CPU
		{2E6C3BDF-38C5-4CBF-819E-781B21D27462}.Release|Any CPU.ActiveCfg = Release|Any CPU
		{2E6C3BDF-38C5-4CBF-819E-781B21D27462}.Release|Any CPU.Build.0 = Release|Any CPU
		{707717E0-7B87-40AB-B81A-FF0ACDF14522}.Debug|Any CPU.ActiveCfg = Debug|Any CPU
		{707717E0-7B87-40AB-B81A-FF0ACDF14522}.Debug|Any CPU.Build.0 = Debug|Any CPU
		{707717E0-7B87-40AB-B81A-FF0ACDF14522}.Release|Any CPU.ActiveCfg = Release|Any CPU
		{707717E0-7B87-40AB-B81A-FF0ACDF14522}.Release|Any CPU.Build.0 = Release|Any CPU
	EndGlobalSection
	GlobalSection(SolutionProperties) = preSolution
		HideSolutionNode = FALSE
	EndGlobalSection
EndGlobal
