
Microsoft Visual Studio Solution File, Format Version 12.00
# Visual Studio 2012
Project("{FAE04EC0-301F-11D3-BF4B-00C04F79EFBC}") = "VariableLength", "VariableLength\VariableLength.csproj", "{390EBF46-8E24-4962-A0A8-F62E7C74524E}"
EndProject
Global
	GlobalSection(SolutionConfigurationPlatforms) = preSolution
		Debug|Any CPU = Debug|Any CPU
		Release|Any CPU = Release|Any CPU
	EndGlobalSection
	GlobalSection(ProjectConfigurationPlatforms) = postSolution
		{390EBF46-8E24-4962-A0A8-F62E7C74524E}.Debug|Any CPU.ActiveCfg = Debug|Any CPU
		{390EBF46-8E24-4962-A0A8-F62E7C74524E}.Debug|Any CPU.Build.0 = Debug|Any CPU
		{390EBF46-8E24-4962-A0A8-F62E7C74524E}.Release|Any CPU.ActiveCfg = Release|Any CPU
		{390EBF46-8E24-4962-A0A8-F62E7C74524E}.Release|Any CPU.Build.0 = Release|Any CPU
	EndGlobalSection
	GlobalSection(SolutionProperties) = preSolution
		HideSolutionNode = FALSE
	EndGlobalSection
EndGlobal
