
Microsoft Visual Studio Solution File, Format Version 12.00
# Visual Studio 2013
VisualStudioVersion = 12.0.30723.0
MinimumVisualStudioVersion = 10.0.40219.1
Project("{FAE04EC0-301F-11D3-BF4B-00C04F79EFBC}") = "PrepareToExam", "PrepareToExam\PrepareToExam.csproj", "{4170CA59-4FD3-46E6-BA1D-20A94D0FEBCF}"
EndProject
Global
	GlobalSection(SolutionConfigurationPlatforms) = preSolution
		Debug|Any CPU = Debug|Any CPU
		Release|Any CPU = Release|Any CPU
	EndGlobalSection
	GlobalSection(ProjectConfigurationPlatforms) = postSolution
		{4170CA59-4FD3-46E6-BA1D-20A94D0FEBCF}.Debug|Any CPU.ActiveCfg = Debug|Any CPU
		{4170CA59-4FD3-46E6-BA1D-20A94D0FEBCF}.Debug|Any CPU.Build.0 = Debug|Any CPU
		{4170CA59-4FD3-46E6-BA1D-20A94D0FEBCF}.Release|Any CPU.ActiveCfg = Release|Any CPU
		{4170CA59-4FD3-46E6-BA1D-20A94D0FEBCF}.Release|Any CPU.Build.0 = Release|Any CPU
	EndGlobalSection
	GlobalSection(SolutionProperties) = preSolution
		HideSolutionNode = FALSE
	EndGlobalSection
EndGlobal
