
Microsoft Visual Studio Solution File, Format Version 12.00
# Visual Studio 2013
VisualStudioVersion = 12.0.30501.0
MinimumVisualStudioVersion = 10.0.40219.1
Project("{FAE04EC0-301F-11D3-BF4B-00C04F79EFBC}") = "Assertion", "Assertion\Assertion.csproj", "{A138D8F4-25B6-46A7-A4EF-F84C378CC417}"
EndProject
Project("{FAE04EC0-301F-11D3-BF4B-00C04F79EFBC}") = "Exceptions", "Exceptions\Exceptions.csproj", "{AE6831B4-88AA-4723-90C3-DD8FA754A5D6}"
EndProject
Global
	GlobalSection(SolutionConfigurationPlatforms) = preSolution
		Debug|Any CPU = Debug|Any CPU
		Release|Any CPU = Release|Any CPU
	EndGlobalSection
	GlobalSection(ProjectConfigurationPlatforms) = postSolution
		{A138D8F4-25B6-46A7-A4EF-F84C378CC417}.Debug|Any CPU.ActiveCfg = Debug|Any CPU
		{A138D8F4-25B6-46A7-A4EF-F84C378CC417}.Debug|Any CPU.Build.0 = Debug|Any CPU
		{A138D8F4-25B6-46A7-A4EF-F84C378CC417}.Release|Any CPU.ActiveCfg = Release|Any CPU
		{A138D8F4-25B6-46A7-A4EF-F84C378CC417}.Release|Any CPU.Build.0 = Release|Any CPU
		{AE6831B4-88AA-4723-90C3-DD8FA754A5D6}.Debug|Any CPU.ActiveCfg = Debug|Any CPU
		{AE6831B4-88AA-4723-90C3-DD8FA754A5D6}.Debug|Any CPU.Build.0 = Debug|Any CPU
		{AE6831B4-88AA-4723-90C3-DD8FA754A5D6}.Release|Any CPU.ActiveCfg = Release|Any CPU
		{AE6831B4-88AA-4723-90C3-DD8FA754A5D6}.Release|Any CPU.Build.0 = Release|Any CPU
	EndGlobalSection
	GlobalSection(SolutionProperties) = preSolution
		HideSolutionNode = FALSE
	EndGlobalSection
EndGlobal
